<?xml version="1.0" encoding="utf-8"?>
<Project ToolsVersion="4.0" xmlns="http://schemas.microsoft.com/developer/msbuild/2003">
  <ItemGroup>
    <Filter Include="Source Files">
      <UniqueIdentifier>{4FC737F1-C7A5-4376-A066-2A32D752A2FF}</UniqueIdentifier>
      <Extensions>cpp;c;cc;cxx;c++;cppm;ixx;def;odl;idl;hpj;bat;asm;asmx</Extensions>
    </Filter>
    <Filter Include="Header Files">
      <UniqueIdentifier>{93995380-89BD-4b04-88EB-625FBE52EBFB}</UniqueIdentifier>
      <Extensions>h;hh;hpp;hxx;h++;hm;inl;inc;ipp;xsd</Extensions>
    </Filter>
    <Filter Include="Resource Files">
      <UniqueIdentifier>{67DA6AB6-F800-4c08-8B7A-83BB121AAD01}</UniqueIdentifier>
      <Extensions>rc;ico;cur;bmp;dlg;rc2;rct;bin;rgs;gif;jpg;jpeg;jpe;resx;tiff;tif;png;wav;mfcribbon-ms</Extensions>
    </Filter>
    <Filter Include="Source Files\BG">
      <UniqueIdentifier>{d451b40c-f29e-4a46-acaf-07123ff63389}</UniqueIdentifier>
    </Filter>
    <Filter Include="Source Files\Enemy">
      <UniqueIdentifier>{5bdc3b99-c499-4dfa-a3af-e0da39fbd637}</UniqueIdentifier>
    </Filter>
    <Filter Include="Source Files\Managers">
      <UniqueIdentifier>{8f82a222-e93f-46cd-a799-ba73dccb567b}</UniqueIdentifier>
    </Filter>
    <Filter Include="Source Files\ObjectPool">
      <UniqueIdentifier>{f4194b7b-d163-4d8d-85dc-cdf5099bcd9e}</UniqueIdentifier>
    </Filter>
    <Filter Include="Source Files\Physics">
      <UniqueIdentifier>{5f5d0d91-5f28-4645-92f4-cedc358fa3e3}</UniqueIdentifier>
    </Filter>
    <Filter Include="Source Files\Player">
      <UniqueIdentifier>{36ee1459-477d-4eda-bb2d-59aec4813158}</UniqueIdentifier>
    </Filter>
    <Filter Include="Source Files\Scenes">
      <UniqueIdentifier>{80b495bb-e5dd-4718-9bf1-1d89f5098943}</UniqueIdentifier>
    </Filter>
    <Filter Include="Source Files\UI">
      <UniqueIdentifier>{b93665db-2565-426f-b279-8084607a8ee5}</UniqueIdentifier>
    </Filter>
    <Filter Include="Header Files\BG">
      <UniqueIdentifier>{09ea6d64-bd9b-43fa-ac95-3a384b365491}</UniqueIdentifier>
    </Filter>
    <Filter Include="Header Files\Managers">
      <UniqueIdentifier>{a3c06900-7abc-4eba-b9c4-502cb783644b}</UniqueIdentifier>
    </Filter>
    <Filter Include="Header Files\ObjectPool">
      <UniqueIdentifier>{e2a93747-107e-4178-8609-de43e1aa5d96}</UniqueIdentifier>
    </Filter>
    <Filter Include="Header Files\Physics">
      <UniqueIdentifier>{0c694605-9139-4e86-8f3d-54b5a810e3e4}</UniqueIdentifier>
    </Filter>
    <Filter Include="Header Files\Player">
      <UniqueIdentifier>{fc2d1148-70fa-4693-bd27-eb0471b32d02}</UniqueIdentifier>
    </Filter>
    <Filter Include="Header Files\Renderer">
      <UniqueIdentifier>{31b7264a-fdb1-4bb9-8f43-fca93bf306ff}</UniqueIdentifier>
    </Filter>
    <Filter Include="Header Files\Scenes">
      <UniqueIdentifier>{8a82e8bd-db53-40c8-98a5-bc55992eb7aa}</UniqueIdentifier>
    </Filter>
    <Filter Include="Header Files\UI">
      <UniqueIdentifier>{f552f89e-8b61-45f9-93ca-008109875c7b}</UniqueIdentifier>
    </Filter>
    <Filter Include="Header Files\Enemy">
      <UniqueIdentifier>{94545592-bf25-4ae2-8d92-c4ebf5443a7d}</UniqueIdentifier>
    </Filter>
    <Filter Include="Source Files\Renderer">
      <UniqueIdentifier>{c6ed22bb-3938-4e02-a77b-45c6764c9dc8}</UniqueIdentifier>
    </Filter>
    <Filter Include="Header Files\System">
      <UniqueIdentifier>{72d3b9db-ba01-4c2f-a354-c5f063202270}</UniqueIdentifier>
    </Filter>
    <Filter Include="Source Files\System">
      <UniqueIdentifier>{b9a7355b-5d88-4f13-82c3-7955c0f1ba86}</UniqueIdentifier>
    </Filter>
    <Filter Include="Header Files\Additional Objects">
      <UniqueIdentifier>{4f264d9c-8511-4382-a6b4-3affa8a3a806}</UniqueIdentifier>
    </Filter>
    <Filter Include="Source Files\Additional Object">
      <UniqueIdentifier>{547e9fc8-afc8-472c-acd1-01eec98d3910}</UniqueIdentifier>
    </Filter>
  </ItemGroup>
  <ItemGroup>
    <ClCompile Include="Main.cpp">
      <Filter>Source Files</Filter>
    </ClCompile>
    <ClCompile Include="GenericInputController.cpp">
      <Filter>Source Files</Filter>
    </ClCompile>
    <ClCompile Include="Game.cpp">
      <Filter>Source Files</Filter>
    </ClCompile>
    <ClCompile Include="AGameObject.cpp">
      <Filter>Source Files</Filter>
    </ClCompile>
    <ClCompile Include="EmptyGameObject.cpp">
      <Filter>Source Files</Filter>
    </ClCompile>
    <ClCompile Include="Entity.cpp">
      <Filter>Source Files</Filter>
    </ClCompile>
    <ClCompile Include="AComponent.cpp">
      <Filter>Source Files</Filter>
    </ClCompile>
    <ClCompile Include="UIButtonInputController.cpp">
      <Filter>Source Files\UI</Filter>
    </ClCompile>
    <ClCompile Include="UIText.cpp">
      <Filter>Source Files\UI</Filter>
    </ClCompile>
    <ClCompile Include="HUDScreen.cpp">
      <Filter>Source Files\UI</Filter>
    </ClCompile>
    <ClCompile Include="MainMenuScreen.cpp">
      <Filter>Source Files\UI</Filter>
    </ClCompile>
    <ClCompile Include="QuitScreen.cpp">
      <Filter>Source Files\UI</Filter>
    </ClCompile>
    <ClCompile Include="SamplePopupScreen.cpp">
      <Filter>Source Files\UI</Filter>
    </ClCompile>
    <ClCompile Include="UIButton.cpp">
      <Filter>Source Files\UI</Filter>
    </ClCompile>
    <ClCompile Include="MainMenuScene.cpp">
      <Filter>Source Files\Scenes</Filter>
    </ClCompile>
    <ClCompile Include="AScene.cpp">
      <Filter>Source Files\Scenes</Filter>
    </ClCompile>
    <ClCompile Include="GameScene.cpp">
      <Filter>Source Files\Scenes</Filter>
    </ClCompile>
    <ClCompile Include="TextRenderer.cpp">
      <Filter>Source Files\Renderer</Filter>
    </ClCompile>
    <ClCompile Include="DebugRendererFactory.cpp">
      <Filter>Source Files\Renderer</Filter>
    </ClCompile>
    <ClCompile Include="Renderer.cpp">
      <Filter>Source Files\Renderer</Filter>
    </ClCompile>
    <ClCompile Include="RendererFactory.cpp">
      <Filter>Source Files\Renderer</Filter>
    </ClCompile>
    <ClCompile Include="SpriteRenderer.cpp">
      <Filter>Source Files\Renderer</Filter>
    </ClCompile>
    <ClCompile Include="UtilityBullet.cpp">
      <Filter>Source Files\Player</Filter>
    </ClCompile>
    <ClCompile Include="AirplanePlayer.cpp">
      <Filter>Source Files\Player</Filter>
    </ClCompile>
    <ClCompile Include="AirplaneSupport.cpp">
      <Filter>Source Files\Player</Filter>
    </ClCompile>
    <ClCompile Include="AirplaneSupportMovement.cpp">
      <Filter>Source Files\Player</Filter>
    </ClCompile>
    <ClCompile Include="BulletBehavior.cpp">
      <Filter>Source Files\Player</Filter>
    </ClCompile>
    <ClCompile Include="BulletHandler.cpp">
      <Filter>Source Files\Player</Filter>
    </ClCompile>
    <ClCompile Include="PlayerInputController.cpp">
      <Filter>Source Files\Player</Filter>
    </ClCompile>
    <ClCompile Include="PlayerMovement.cpp">
      <Filter>Source Files\Player</Filter>
    </ClCompile>
    <ClCompile Include="PhysicsManager.cpp">
      <Filter>Source Files\Physics</Filter>
    </ClCompile>
    <ClCompile Include="Collider.cpp">
      <Filter>Source Files\Physics</Filter>
    </ClCompile>
    <ClCompile Include="ObjectPoolHolder.cpp">
      <Filter>Source Files\ObjectPool</Filter>
    </ClCompile>
    <ClCompile Include="APoolable.cpp">
      <Filter>Source Files\ObjectPool</Filter>
    </ClCompile>
    <ClCompile Include="GameObjectPool.cpp">
      <Filter>Source Files\ObjectPool</Filter>
    </ClCompile>
    <ClCompile Include="TextureManager.cpp">
      <Filter>Source Files\Managers</Filter>
    </ClCompile>
    <ClCompile Include="ApplicationManager.cpp">
      <Filter>Source Files\Managers</Filter>
    </ClCompile>
    <ClCompile Include="FontManager.cpp">
      <Filter>Source Files\Managers</Filter>
    </ClCompile>
    <ClCompile Include="GameObjectManager.cpp">
      <Filter>Source Files\Managers</Filter>
    </ClCompile>
    <ClCompile Include="SceneManager.cpp">
      <Filter>Source Files\Managers</Filter>
    </ClCompile>
    <ClCompile Include="EnemyBehavior.cpp">
      <Filter>Source Files\Enemy</Filter>
    </ClCompile>
    <ClCompile Include="EnemySwarmHandler.cpp">
      <Filter>Source Files\Enemy</Filter>
    </ClCompile>
    <ClCompile Include="EnemyAirplane.cpp">
      <Filter>Source Files\Enemy</Filter>
    </ClCompile>
    <ClCompile Include="BGMovement.cpp">
      <Filter>Source Files\BG</Filter>
    </ClCompile>
    <ClCompile Include="BGObject.cpp">
      <Filter>Source Files\BG</Filter>
    </ClCompile>
    <ClCompile Include="BonusCarObject.cpp">
      <Filter>Source Files\Additional Object</Filter>
    </ClCompile>
    <ClCompile Include="GameSystem.cpp">
      <Filter>Source Files\System</Filter>
    </ClCompile>
    <ClCompile Include="TruckObject.cpp">
      <Filter>Source Files\Additional Object</Filter>
    </ClCompile>
    <ClCompile Include="GameScene2.cpp">
      <Filter>Source Files\Scenes</Filter>
    </ClCompile>
    <ClCompile Include="GameScene3.cpp">
      <Filter>Source Files\Scenes</Filter>
    </ClCompile>
    <ClCompile Include="BGObject3.cpp">
      <Filter>Source Files\BG</Filter>
    </ClCompile>
    <ClCompile Include="BGObject2.cpp">
      <Filter>Source Files\BG</Filter>
    </ClCompile>
    <ClCompile Include="BonusCarBehavior.cpp">
      <Filter>Source Files\Additional Object</Filter>
    </ClCompile>
    <ClCompile Include="TruckObjectBehavior.cpp">
      <Filter>Source Files\Additional Object</Filter>
    </ClCompile>
    <ClCompile Include="SFXManager.cpp">
      <Filter>Source Files\Managers</Filter>
    </ClCompile>
    <ClCompile Include="ProgressBar.cpp">
      <Filter>Source Files\System</Filter>
    </ClCompile>
    <ClCompile Include="ProgressCarObject.cpp">
      <Filter>Source Files\System</Filter>
    </ClCompile>
    <ClCompile Include="ProgressCarBehavior.cpp">
      <Filter>Source Files\System</Filter>
    </ClCompile>
    <ClCompile Include="startObject.cpp">
      <Filter>Source Files\System</Filter>
    </ClCompile>
    <ClCompile Include="finishObject.cpp">
      <Filter>Source Files\System</Filter>
    </ClCompile>
    <ClCompile Include="StartMovement.cpp">
      <Filter>Source Files\System</Filter>
    </ClCompile>
    <ClCompile Include="finishBehavior.cpp">
      <Filter>Source Files\System</Filter>
    </ClCompile>
    <ClCompile Include="OilBehavior.cpp">
      <Filter>Source Files\Additional Object</Filter>
    </ClCompile>
    <ClCompile Include="OilObject.cpp">
      <Filter>Source Files\Additional Object</Filter>
    </ClCompile>
    <ClCompile Include="JSONParser.cpp">
      <Filter>Source Files</Filter>
    </ClCompile>
    <ClCompile Include="InstructionsMenu.cpp">
      <Filter>Source Files\UI</Filter>
    </ClCompile>
  </ItemGroup>
  <ItemGroup>
    <ClInclude Include="GenericInputController.h">
      <Filter>Header Files</Filter>
    </ClInclude>
    <ClInclude Include="AComponent.h">
      <Filter>Header Files</Filter>
    </ClInclude>
    <ClInclude Include="AGameObject.h">
      <Filter>Header Files</Filter>
    </ClInclude>
    <ClInclude Include="EmptyGameObject.h">
      <Filter>Header Files</Filter>
    </ClInclude>
    <ClInclude Include="Entity.h">
      <Filter>Header Files</Filter>
    </ClInclude>
    <ClInclude Include="Game.h">
      <Filter>Header Files</Filter>
    </ClInclude>
    <ClInclude Include="UIButtonInputController.h">
      <Filter>Header Files\UI</Filter>
    </ClInclude>
    <ClInclude Include="UIText.h">
      <Filter>Header Files\UI</Filter>
    </ClInclude>
    <ClInclude Include="ButtonListener.h">
      <Filter>Header Files\UI</Filter>
    </ClInclude>
    <ClInclude Include="HUDScreen.h">
      <Filter>Header Files\UI</Filter>
    </ClInclude>
    <ClInclude Include="MainMenuScreen.h">
      <Filter>Header Files\UI</Filter>
    </ClInclude>
    <ClInclude Include="QuitScreen.h">
      <Filter>Header Files\UI</Filter>
    </ClInclude>
    <ClInclude Include="SamplePopupScreen.h">
      <Filter>Header Files\UI</Filter>
    </ClInclude>
    <ClInclude Include="UIButton.h">
      <Filter>Header Files\UI</Filter>
    </ClInclude>
    <ClInclude Include="GameScene.h">
      <Filter>Header Files\Scenes</Filter>
    </ClInclude>
    <ClInclude Include="MainMenuScene.h">
      <Filter>Header Files\Scenes</Filter>
    </ClInclude>
    <ClInclude Include="AScene.h">
      <Filter>Header Files\Scenes</Filter>
    </ClInclude>
    <ClInclude Include="TextRenderer.h">
      <Filter>Header Files\Renderer</Filter>
    </ClInclude>
    <ClInclude Include="ARendererFactory.h">
      <Filter>Header Files\Renderer</Filter>
    </ClInclude>
    <ClInclude Include="DebugRendererFactory.h">
      <Filter>Header Files\Renderer</Filter>
    </ClInclude>
    <ClInclude Include="Renderer.h">
      <Filter>Header Files\Renderer</Filter>
    </ClInclude>
    <ClInclude Include="RendererFactory.h">
      <Filter>Header Files\Renderer</Filter>
    </ClInclude>
    <ClInclude Include="SpriteRenderer.h">
      <Filter>Header Files\Renderer</Filter>
    </ClInclude>
    <ClInclude Include="AirplanePlayer.h">
      <Filter>Header Files\Player</Filter>
    </ClInclude>
    <ClInclude Include="AirplaneSupport.h">
      <Filter>Header Files\Player</Filter>
    </ClInclude>
    <ClInclude Include="AirplaneSupportMovement.h">
      <Filter>Header Files\Player</Filter>
    </ClInclude>
    <ClInclude Include="BulletHandler.h">
      <Filter>Header Files\Player</Filter>
    </ClInclude>
    <ClInclude Include="BulletBehavior.h">
      <Filter>Header Files\Player</Filter>
    </ClInclude>
    <ClInclude Include="PlayerInputController.h">
      <Filter>Header Files\Player</Filter>
    </ClInclude>
    <ClInclude Include="UtilityBullet.h">
      <Filter>Header Files\Player</Filter>
    </ClInclude>
    <ClInclude Include="PlayerMovement.h">
      <Filter>Header Files\Player</Filter>
    </ClInclude>
    <ClInclude Include="PhysicsManager.h">
      <Filter>Header Files\Physics</Filter>
    </ClInclude>
    <ClInclude Include="Collider.h">
      <Filter>Header Files\Physics</Filter>
    </ClInclude>
    <ClInclude Include="CollisionListener.h">
      <Filter>Header Files\Physics</Filter>
    </ClInclude>
    <ClInclude Include="GameObjectPool.h">
      <Filter>Header Files\ObjectPool</Filter>
    </ClInclude>
    <ClInclude Include="ObjectPoolHolder.h">
      <Filter>Header Files\ObjectPool</Filter>
    </ClInclude>
    <ClInclude Include="APoolable.h">
      <Filter>Header Files\ObjectPool</Filter>
    </ClInclude>
    <ClInclude Include="SceneManager.h">
      <Filter>Header Files\Managers</Filter>
    </ClInclude>
    <ClInclude Include="TextureManager.h">
      <Filter>Header Files\Managers</Filter>
    </ClInclude>
    <ClInclude Include="ApplicationManager.h">
      <Filter>Header Files\Managers</Filter>
    </ClInclude>
    <ClInclude Include="FontManager.h">
      <Filter>Header Files\Managers</Filter>
    </ClInclude>
    <ClInclude Include="GameObjectManager.h">
      <Filter>Header Files\Managers</Filter>
    </ClInclude>
    <ClInclude Include="EnemyBehavior.h">
      <Filter>Header Files\Enemy</Filter>
    </ClInclude>
    <ClInclude Include="EnemySwarmHandler.h">
      <Filter>Header Files\Enemy</Filter>
    </ClInclude>
    <ClInclude Include="EnemyAirplane.h">
      <Filter>Header Files\Enemy</Filter>
    </ClInclude>
    <ClInclude Include="BGObject.h">
      <Filter>Header Files\BG</Filter>
    </ClInclude>
    <ClInclude Include="BGMovement.h">
      <Filter>Header Files\BG</Filter>
    </ClInclude>
    <ClInclude Include="BonusCarObject.h">
      <Filter>Header Files\Additional Objects</Filter>
    </ClInclude>
    <ClInclude Include="GameSystem.h">
      <Filter>Header Files\System</Filter>
    </ClInclude>
    <ClInclude Include="TruckObject.h">
      <Filter>Header Files\Additional Objects</Filter>
    </ClInclude>
    <ClInclude Include="GameScene2.h">
      <Filter>Header Files\Scenes</Filter>
    </ClInclude>
    <ClInclude Include="GameScene3.h">
      <Filter>Header Files\Scenes</Filter>
    </ClInclude>
    <ClInclude Include="BGObject2.h">
      <Filter>Header Files\BG</Filter>
    </ClInclude>
    <ClInclude Include="BGObject3.h">
      <Filter>Header Files\BG</Filter>
    </ClInclude>
    <ClInclude Include="BonusCarBehavior.h">
      <Filter>Header Files\Additional Objects</Filter>
    </ClInclude>
    <ClInclude Include="TruckObjectBehavior.h">
      <Filter>Header Files\Additional Objects</Filter>
    </ClInclude>
    <ClInclude Include="SFXManager.h">
      <Filter>Header Files\Managers</Filter>
    </ClInclude>
    <ClInclude Include="ProgressBar.h">
      <Filter>Header Files\System</Filter>
    </ClInclude>
    <ClInclude Include="ProgressCarBehavior.h">
      <Filter>Header Files\System</Filter>
    </ClInclude>
    <ClInclude Include="startObject.h">
      <Filter>Header Files\System</Filter>
    </ClInclude>
    <ClInclude Include="finishObject.h">
      <Filter>Header Files\System</Filter>
    </ClInclude>
    <ClInclude Include="ProgressCarObject.h">
      <Filter>Header Files\System</Filter>
    </ClInclude>
    <ClInclude Include="StartMovement.h">
      <Filter>Header Files\System</Filter>
    </ClInclude>
    <ClInclude Include="finishBehavior.h">
      <Filter>Header Files\System</Filter>
    </ClInclude>
    <ClInclude Include="OilBehavior.h">
      <Filter>Header Files\Additional Objects</Filter>
    </ClInclude>
    <ClInclude Include="OilObject.h">
      <Filter>Header Files\Additional Objects</Filter>
    </ClInclude>
    <ClInclude Include="JSONParser.h">
      <Filter>Header Files</Filter>
    </ClInclude>
    <ClInclude Include="InstructionsMenu.h">
      <Filter>Header Files\UI</Filter>
    </ClInclude>
  </ItemGroup>
</Project>